// !$*UTF8*$!
{
	archiveVersion = 1;
	classes = {
	};
	objectVersion = 46;
	objects = {

/* Begin PBXBuildFile section */
		593B4E0917F09362003195DE /* AboutWindowController.m in Sources */ = {isa = PBXBuildFile; fileRef = 593B4E0717F09362003195DE /* AboutWindowController.m */; };
		593B4E0A17F09362003195DE /* AboutWindowController.xib in Resources */ = {isa = PBXBuildFile; fileRef = 593B4E0817F09362003195DE /* AboutWindowController.xib */; };
		594DCCE717EF99D400D9C2E2 /* LICENSE in Resources */ = {isa = PBXBuildFile; fileRef = 594DCCE617EF99D400D9C2E2 /* LICENSE */; };
		59C0616C17EED6AB00D3EE79 /* Carbon.framework in Frameworks */ = {isa = PBXBuildFile; fileRef = 59C0616B17EED6AB00D3EE79 /* Carbon.framework */; };
		59C0616D17EED74400D3EE79 /* Cocoa.framework in Frameworks */ = {isa = PBXBuildFile; fileRef = 59E5CF0E17EC2A9000898135 /* Cocoa.framework */; };
		59E5CF1917EC2A9000898135 /* InfoPlist.strings in Resources */ = {isa = PBXBuildFile; fileRef = 59E5CF1717EC2A9000898135 /* InfoPlist.strings */; };
		59E5CF1B17EC2A9000898135 /* main.m in Sources */ = {isa = PBXBuildFile; fileRef = 59E5CF1A17EC2A9000898135 /* main.m */; };
		59E5CF2217EC2A9000898135 /* AppDelegate.m in Sources */ = {isa = PBXBuildFile; fileRef = 59E5CF2117EC2A9000898135 /* AppDelegate.m */; };
		59E5CF2517EC2A9000898135 /* MainMenu.xib in Resources */ = {isa = PBXBuildFile; fileRef = 59E5CF2317EC2A9000898135 /* MainMenu.xib */; };
		59E5CF2717EC2A9000898135 /* Images.xcassets in Resources */ = {isa = PBXBuildFile; fileRef = 59E5CF2617EC2A9000898135 /* Images.xcassets */; };
		59E5CF2E17EC2A9000898135 /* XCTest.framework in Frameworks */ = {isa = PBXBuildFile; fileRef = 59E5CF2D17EC2A9000898135 /* XCTest.framework */; };
		59E5CF2F17EC2A9000898135 /* Cocoa.framework in Frameworks */ = {isa = PBXBuildFile; fileRef = 59E5CF0E17EC2A9000898135 /* Cocoa.framework */; };
		59E5CF3717EC2A9000898135 /* InfoPlist.strings in Resources */ = {isa = PBXBuildFile; fileRef = 59E5CF3517EC2A9000898135 /* InfoPlist.strings */; };
		59E5CF3917EC2A9000898135 /* yubiswitchTests.m in Sources */ = {isa = PBXBuildFile; fileRef = 59E5CF3817EC2A9000898135 /* yubiswitchTests.m */; };
		59E5CF4417EC472400898135 /* YubiKey.m in Sources */ = {isa = PBXBuildFile; fileRef = 59E5CF4317EC472400898135 /* YubiKey.m */; };
		59EC128A17ECFAFD00B3C3A6 /* README.md in Resources */ = {isa = PBXBuildFile; fileRef = 59EC128917ECFAFD00B3C3A6 /* README.md */; };
		59EC128C17ECFEFE00B3C3A6 /* IOKit.framework in Frameworks */ = {isa = PBXBuildFile; fileRef = 59EC128B17ECFEFE00B3C3A6 /* IOKit.framework */; };
/* End PBXBuildFile section */

/* Begin PBXContainerItemProxy section */
		59E5CF3017EC2A9000898135 /* PBXContainerItemProxy */ = {
			isa = PBXContainerItemProxy;
			containerPortal = 59E5CF0317EC2A9000898135 /* Project object */;
			proxyType = 1;
			remoteGlobalIDString = 59E5CF0A17EC2A9000898135;
			remoteInfo = yubiswitch;
		};
/* End PBXContainerItemProxy section */

/* Begin PBXFileReference section */
		593B4E0617F09362003195DE /* AboutWindowController.h */ = {isa = PBXFileReference; fileEncoding = 4; lastKnownFileType = sourcecode.c.h; path = AboutWindowController.h; sourceTree = "<group>"; };
		593B4E0717F09362003195DE /* AboutWindowController.m */ = {isa = PBXFileReference; fileEncoding = 4; lastKnownFileType = sourcecode.c.objc; path = AboutWindowController.m; sourceTree = "<group>"; };
		593B4E0817F09362003195DE /* AboutWindowController.xib */ = {isa = PBXFileReference; fileEncoding = 4; lastKnownFileType = file.xib; path = AboutWindowController.xib; sourceTree = "<group>"; };
		594DCCE617EF99D400D9C2E2 /* LICENSE */ = {isa = PBXFileReference; fileEncoding = 4; lastKnownFileType = text; path = LICENSE; sourceTree = "<group>"; };
		59C0616B17EED6AB00D3EE79 /* Carbon.framework */ = {isa = PBXFileReference; lastKnownFileType = wrapper.framework; name = Carbon.framework; path = System/Library/Frameworks/Carbon.framework; sourceTree = SDKROOT; };
		59E5CF0B17EC2A9000898135 /* yubiswitch.app */ = {isa = PBXFileReference; explicitFileType = wrapper.application; includeInIndex = 0; path = yubiswitch.app; sourceTree = BUILT_PRODUCTS_DIR; };
		59E5CF0E17EC2A9000898135 /* Cocoa.framework */ = {isa = PBXFileReference; lastKnownFileType = wrapper.framework; name = Cocoa.framework; path = System/Library/Frameworks/Cocoa.framework; sourceTree = SDKROOT; };
		59E5CF1117EC2A9000898135 /* AppKit.framework */ = {isa = PBXFileReference; lastKnownFileType = wrapper.framework; name = AppKit.framework; path = System/Library/Frameworks/AppKit.framework; sourceTree = SDKROOT; };
		59E5CF1217EC2A9000898135 /* CoreData.framework */ = {isa = PBXFileReference; lastKnownFileType = wrapper.framework; name = CoreData.framework; path = System/Library/Frameworks/CoreData.framework; sourceTree = SDKROOT; };
		59E5CF1317EC2A9000898135 /* Foundation.framework */ = {isa = PBXFileReference; lastKnownFileType = wrapper.framework; name = Foundation.framework; path = System/Library/Frameworks/Foundation.framework; sourceTree = SDKROOT; };
		59E5CF1617EC2A9000898135 /* yubiswitch-Info.plist */ = {isa = PBXFileReference; lastKnownFileType = text.plist.xml; path = "yubiswitch-Info.plist"; sourceTree = "<group>"; };
		59E5CF1817EC2A9000898135 /* en */ = {isa = PBXFileReference; lastKnownFileType = text.plist.strings; name = en; path = en.lproj/InfoPlist.strings; sourceTree = "<group>"; };
		59E5CF1A17EC2A9000898135 /* main.m */ = {isa = PBXFileReference; lastKnownFileType = sourcecode.c.objc; path = main.m; sourceTree = "<group>"; };
		59E5CF1C17EC2A9000898135 /* yubiswitch-Prefix.pch */ = {isa = PBXFileReference; lastKnownFileType = sourcecode.c.h; path = "yubiswitch-Prefix.pch"; sourceTree = "<group>"; };
		59E5CF2017EC2A9000898135 /* AppDelegate.h */ = {isa = PBXFileReference; lastKnownFileType = sourcecode.c.h; path = AppDelegate.h; sourceTree = "<group>"; };
		59E5CF2117EC2A9000898135 /* AppDelegate.m */ = {isa = PBXFileReference; lastKnownFileType = sourcecode.c.objc; path = AppDelegate.m; sourceTree = "<group>"; };
		59E5CF2417EC2A9000898135 /* Base */ = {isa = PBXFileReference; lastKnownFileType = file.xib; name = Base; path = Base.lproj/MainMenu.xib; sourceTree = "<group>"; };
		59E5CF2617EC2A9000898135 /* Images.xcassets */ = {isa = PBXFileReference; lastKnownFileType = folder.assetcatalog; path = Images.xcassets; sourceTree = "<group>"; };
		59E5CF2C17EC2A9000898135 /* yubiswitchTests.xctest */ = {isa = PBXFileReference; explicitFileType = wrapper.cfbundle; includeInIndex = 0; path = yubiswitchTests.xctest; sourceTree = BUILT_PRODUCTS_DIR; };
		59E5CF2D17EC2A9000898135 /* XCTest.framework */ = {isa = PBXFileReference; lastKnownFileType = wrapper.framework; name = XCTest.framework; path = Library/Frameworks/XCTest.framework; sourceTree = DEVELOPER_DIR; };
		59E5CF3417EC2A9000898135 /* yubiswitchTests-Info.plist */ = {isa = PBXFileReference; lastKnownFileType = text.plist.xml; path = "yubiswitchTests-Info.plist"; sourceTree = "<group>"; };
		59E5CF3617EC2A9000898135 /* en */ = {isa = PBXFileReference; lastKnownFileType = text.plist.strings; name = en; path = en.lproj/InfoPlist.strings; sourceTree = "<group>"; };
		59E5CF3817EC2A9000898135 /* yubiswitchTests.m */ = {isa = PBXFileReference; lastKnownFileType = sourcecode.c.objc; path = yubiswitchTests.m; sourceTree = "<group>"; };
		59E5CF4217EC472400898135 /* YubiKey.h */ = {isa = PBXFileReference; fileEncoding = 4; lastKnownFileType = sourcecode.c.h; path = YubiKey.h; sourceTree = "<group>"; };
		59E5CF4317EC472400898135 /* YubiKey.m */ = {isa = PBXFileReference; fileEncoding = 4; lastKnownFileType = sourcecode.c.objc; path = YubiKey.m; sourceTree = "<group>"; };
		59EC128917ECFAFD00B3C3A6 /* README.md */ = {isa = PBXFileReference; fileEncoding = 4; lastKnownFileType = text; path = README.md; sourceTree = "<group>"; };
		59EC128B17ECFEFE00B3C3A6 /* IOKit.framework */ = {isa = PBXFileReference; lastKnownFileType = wrapper.framework; name = IOKit.framework; path = System/Library/Frameworks/IOKit.framework; sourceTree = SDKROOT; };
/* End PBXFileReference section */

/* Begin PBXFrameworksBuildPhase section */
		59E5CF0817EC2A9000898135 /* Frameworks */ = {
			isa = PBXFrameworksBuildPhase;
			buildActionMask = 2147483647;
			files = (
				59C0616D17EED74400D3EE79 /* Cocoa.framework in Frameworks */,
				59C0616C17EED6AB00D3EE79 /* Carbon.framework in Frameworks */,
				59EC128C17ECFEFE00B3C3A6 /* IOKit.framework in Frameworks */,
			);
			runOnlyForDeploymentPostprocessing = 0;
		};
		59E5CF2917EC2A9000898135 /* Frameworks */ = {
			isa = PBXFrameworksBuildPhase;
			buildActionMask = 2147483647;
			files = (
				59E5CF2F17EC2A9000898135 /* Cocoa.framework in Frameworks */,
				59E5CF2E17EC2A9000898135 /* XCTest.framework in Frameworks */,
			);
			runOnlyForDeploymentPostprocessing = 0;
		};
/* End PBXFrameworksBuildPhase section */

/* Begin PBXGroup section */
		59E5CF0217EC2A9000898135 = {
			isa = PBXGroup;
			children = (
				59EC128917ECFAFD00B3C3A6 /* README.md */,
				594DCCE617EF99D400D9C2E2 /* LICENSE */,
				59E5CF1417EC2A9000898135 /* yubiswitch */,
				59E5CF3217EC2A9000898135 /* yubiswitchTests */,
				59E5CF0D17EC2A9000898135 /* Frameworks */,
				59E5CF0C17EC2A9000898135 /* Products */,
			);
			sourceTree = "<group>";
			usesTabs = 0;
		};
		59E5CF0C17EC2A9000898135 /* Products */ = {
			isa = PBXGroup;
			children = (
				59E5CF0B17EC2A9000898135 /* yubiswitch.app */,
				59E5CF2C17EC2A9000898135 /* yubiswitchTests.xctest */,
			);
			name = Products;
			sourceTree = "<group>";
		};
		59E5CF0D17EC2A9000898135 /* Frameworks */ = {
			isa = PBXGroup;
			children = (
				59C0616B17EED6AB00D3EE79 /* Carbon.framework */,
				59EC128B17ECFEFE00B3C3A6 /* IOKit.framework */,
				59E5CF0E17EC2A9000898135 /* Cocoa.framework */,
				59E5CF2D17EC2A9000898135 /* XCTest.framework */,
				59E5CF1017EC2A9000898135 /* Other Frameworks */,
			);
			name = Frameworks;
			sourceTree = "<group>";
		};
		59E5CF1017EC2A9000898135 /* Other Frameworks */ = {
			isa = PBXGroup;
			children = (
				59E5CF1117EC2A9000898135 /* AppKit.framework */,
				59E5CF1217EC2A9000898135 /* CoreData.framework */,
				59E5CF1317EC2A9000898135 /* Foundation.framework */,
			);
			name = "Other Frameworks";
			sourceTree = "<group>";
		};
		59E5CF1417EC2A9000898135 /* yubiswitch */ = {
			isa = PBXGroup;
			children = (
				593B4E0617F09362003195DE /* AboutWindowController.h */,
				593B4E0717F09362003195DE /* AboutWindowController.m */,
				593B4E0817F09362003195DE /* AboutWindowController.xib */,
				59E5CF2017EC2A9000898135 /* AppDelegate.h */,
				59E5CF2117EC2A9000898135 /* AppDelegate.m */,
				59E5CF4217EC472400898135 /* YubiKey.h */,
				59E5CF4317EC472400898135 /* YubiKey.m */,
				59E5CF2317EC2A9000898135 /* MainMenu.xib */,
				59E5CF2617EC2A9000898135 /* Images.xcassets */,
				59E5CF1517EC2A9000898135 /* Supporting Files */,
			);
			path = yubiswitch;
			sourceTree = "<group>";
		};
		59E5CF1517EC2A9000898135 /* Supporting Files */ = {
			isa = PBXGroup;
			children = (
				59E5CF1617EC2A9000898135 /* yubiswitch-Info.plist */,
				59E5CF1717EC2A9000898135 /* InfoPlist.strings */,
				59E5CF1A17EC2A9000898135 /* main.m */,
				59E5CF1C17EC2A9000898135 /* yubiswitch-Prefix.pch */,
			);
			name = "Supporting Files";
			sourceTree = "<group>";
		};
		59E5CF3217EC2A9000898135 /* yubiswitchTests */ = {
			isa = PBXGroup;
			children = (
				59E5CF3817EC2A9000898135 /* yubiswitchTests.m */,
				59E5CF3317EC2A9000898135 /* Supporting Files */,
			);
			path = yubiswitchTests;
			sourceTree = "<group>";
		};
		59E5CF3317EC2A9000898135 /* Supporting Files */ = {
			isa = PBXGroup;
			children = (
				59E5CF3417EC2A9000898135 /* yubiswitchTests-Info.plist */,
				59E5CF3517EC2A9000898135 /* InfoPlist.strings */,
			);
			name = "Supporting Files";
			sourceTree = "<group>";
		};
/* End PBXGroup section */

/* Begin PBXNativeTarget section */
		59E5CF0A17EC2A9000898135 /* yubiswitch */ = {
			isa = PBXNativeTarget;
			buildConfigurationList = 59E5CF3C17EC2A9000898135 /* Build configuration list for PBXNativeTarget "yubiswitch" */;
			buildPhases = (
				59E5CF0717EC2A9000898135 /* Sources */,
				59E5CF0817EC2A9000898135 /* Frameworks */,
				59E5CF0917EC2A9000898135 /* Resources */,
			);
			buildRules = (
			);
			dependencies = (
			);
			name = yubiswitch;
			productName = yubiswitch;
			productReference = 59E5CF0B17EC2A9000898135 /* yubiswitch.app */;
			productType = "com.apple.product-type.application";
		};
		59E5CF2B17EC2A9000898135 /* yubiswitchTests */ = {
			isa = PBXNativeTarget;
			buildConfigurationList = 59E5CF3F17EC2A9000898135 /* Build configuration list for PBXNativeTarget "yubiswitchTests" */;
			buildPhases = (
				59E5CF2817EC2A9000898135 /* Sources */,
				59E5CF2917EC2A9000898135 /* Frameworks */,
				59E5CF2A17EC2A9000898135 /* Resources */,
			);
			buildRules = (
			);
			dependencies = (
				59E5CF3117EC2A9000898135 /* PBXTargetDependency */,
			);
			name = yubiswitchTests;
			productName = yubiswitchTests;
			productReference = 59E5CF2C17EC2A9000898135 /* yubiswitchTests.xctest */;
			productType = "com.apple.product-type.bundle.unit-test";
		};
/* End PBXNativeTarget section */

/* Begin PBXProject section */
		59E5CF0317EC2A9000898135 /* Project object */ = {
			isa = PBXProject;
			attributes = {
				CLASSPREFIX = "";
				LastUpgradeCheck = 0500;
				ORGANIZATIONNAME = "Angelo Failla";
				TargetAttributes = {
					59E5CF2B17EC2A9000898135 = {
						TestTargetID = 59E5CF0A17EC2A9000898135;
					};
				};
			};
			buildConfigurationList = 59E5CF0617EC2A9000898135 /* Build configuration list for PBXProject "yubiswitch" */;
			compatibilityVersion = "Xcode 3.2";
			developmentRegion = English;
			hasScannedForEncodings = 0;
			knownRegions = (
				en,
				Base,
			);
			mainGroup = 59E5CF0217EC2A9000898135;
			productRefGroup = 59E5CF0C17EC2A9000898135 /* Products */;
			projectDirPath = "";
			projectRoot = "";
			targets = (
				59E5CF0A17EC2A9000898135 /* yubiswitch */,
				59E5CF2B17EC2A9000898135 /* yubiswitchTests */,
			);
		};
/* End PBXProject section */

/* Begin PBXResourcesBuildPhase section */
		59E5CF0917EC2A9000898135 /* Resources */ = {
			isa = PBXResourcesBuildPhase;
			buildActionMask = 2147483647;
			files = (
				594DCCE717EF99D400D9C2E2 /* LICENSE in Resources */,
				59E5CF1917EC2A9000898135 /* InfoPlist.strings in Resources */,
				593B4E0A17F09362003195DE /* AboutWindowController.xib in Resources */,
				59E5CF2717EC2A9000898135 /* Images.xcassets in Resources */,
				59EC128A17ECFAFD00B3C3A6 /* README.md in Resources */,
				59E5CF2517EC2A9000898135 /* MainMenu.xib in Resources */,
			);
			runOnlyForDeploymentPostprocessing = 0;
		};
		59E5CF2A17EC2A9000898135 /* Resources */ = {
			isa = PBXResourcesBuildPhase;
			buildActionMask = 2147483647;
			files = (
				59E5CF3717EC2A9000898135 /* InfoPlist.strings in Resources */,
			);
			runOnlyForDeploymentPostprocessing = 0;
		};
/* End PBXResourcesBuildPhase section */

/* Begin PBXSourcesBuildPhase section */
		59E5CF0717EC2A9000898135 /* Sources */ = {
			isa = PBXSourcesBuildPhase;
			buildActionMask = 2147483647;
			files = (
				59E5CF2217EC2A9000898135 /* AppDelegate.m in Sources */,
				593B4E0917F09362003195DE /* AboutWindowController.m in Sources */,
				59E5CF4417EC472400898135 /* YubiKey.m in Sources */,
				59E5CF1B17EC2A9000898135 /* main.m in Sources */,
			);
			runOnlyForDeploymentPostprocessing = 0;
		};
		59E5CF2817EC2A9000898135 /* Sources */ = {
			isa = PBXSourcesBuildPhase;
			buildActionMask = 2147483647;
			files = (
				59E5CF3917EC2A9000898135 /* yubiswitchTests.m in Sources */,
			);
			runOnlyForDeploymentPostprocessing = 0;
		};
/* End PBXSourcesBuildPhase section */

/* Begin PBXTargetDependency section */
		59E5CF3117EC2A9000898135 /* PBXTargetDependency */ = {
			isa = PBXTargetDependency;
			target = 59E5CF0A17EC2A9000898135 /* yubiswitch */;
			targetProxy = 59E5CF3017EC2A9000898135 /* PBXContainerItemProxy */;
		};
/* End PBXTargetDependency section */

/* Begin PBXVariantGroup section */
		59E5CF1717EC2A9000898135 /* InfoPlist.strings */ = {
			isa = PBXVariantGroup;
			children = (
				59E5CF1817EC2A9000898135 /* en */,
			);
			name = InfoPlist.strings;
			sourceTree = "<group>";
		};
		59E5CF2317EC2A9000898135 /* MainMenu.xib */ = {
			isa = PBXVariantGroup;
			children = (
				59E5CF2417EC2A9000898135 /* Base */,
			);
			name = MainMenu.xib;
			sourceTree = "<group>";
		};
		59E5CF3517EC2A9000898135 /* InfoPlist.strings */ = {
			isa = PBXVariantGroup;
			children = (
				59E5CF3617EC2A9000898135 /* en */,
			);
			name = InfoPlist.strings;
			sourceTree = "<group>";
		};
/* End PBXVariantGroup section */

/* Begin XCBuildConfiguration section */
		59E5CF3A17EC2A9000898135 /* Debug */ = {
			isa = XCBuildConfiguration;
			buildSettings = {
				ALWAYS_SEARCH_USER_PATHS = NO;
				CLANG_CXX_LANGUAGE_STANDARD = "gnu++0x";
				CLANG_CXX_LIBRARY = "libc++";
				CLANG_ENABLE_OBJC_ARC = YES;
				CLANG_WARN_BOOL_CONVERSION = YES;
				CLANG_WARN_CONSTANT_CONVERSION = YES;
				CLANG_WARN_DIRECT_OBJC_ISA_USAGE = YES_ERROR;
				CLANG_WARN_EMPTY_BODY = YES;
				CLANG_WARN_ENUM_CONVERSION = YES;
				CLANG_WARN_INT_CONVERSION = YES;
				CLANG_WARN_OBJC_ROOT_CLASS = YES_ERROR;
				CLANG_WARN__DUPLICATE_METHOD_MATCH = YES;
				COPY_PHASE_STRIP = NO;
				GCC_C_LANGUAGE_STANDARD = gnu99;
				GCC_DYNAMIC_NO_PIC = NO;
				GCC_ENABLE_OBJC_EXCEPTIONS = YES;
				GCC_OPTIMIZATION_LEVEL = 0;
				GCC_PREPROCESSOR_DEFINITIONS = (
					"DEBUG=1",
					"$(inherited)",
				);
				GCC_SYMBOLS_PRIVATE_EXTERN = NO;
				GCC_WARN_64_TO_32_BIT_CONVERSION = YES;
				GCC_WARN_ABOUT_RETURN_TYPE = YES_ERROR;
				GCC_WARN_UNDECLARED_SELECTOR = YES;
				GCC_WARN_UNINITIALIZED_AUTOS = YES;
				GCC_WARN_UNUSED_FUNCTION = YES;
				GCC_WARN_UNUSED_VARIABLE = YES;
				MACOSX_DEPLOYMENT_TARGET = 10.8;
				ONLY_ACTIVE_ARCH = YES;
				SDKROOT = macosx;
			};
			name = Debug;
		};
		59E5CF3B17EC2A9000898135 /* Release */ = {
			isa = XCBuildConfiguration;
			buildSettings = {
				ALWAYS_SEARCH_USER_PATHS = NO;
				CLANG_CXX_LANGUAGE_STANDARD = "gnu++0x";
				CLANG_CXX_LIBRARY = "libc++";
				CLANG_ENABLE_OBJC_ARC = YES;
				CLANG_WARN_BOOL_CONVERSION = YES;
				CLANG_WARN_CONSTANT_CONVERSION = YES;
				CLANG_WARN_DIRECT_OBJC_ISA_USAGE = YES_ERROR;
				CLANG_WARN_EMPTY_BODY = YES;
				CLANG_WARN_ENUM_CONVERSION = YES;
				CLANG_WARN_INT_CONVERSION = YES;
				CLANG_WARN_OBJC_ROOT_CLASS = YES_ERROR;
				CLANG_WARN__DUPLICATE_METHOD_MATCH = YES;
				COPY_PHASE_STRIP = YES;
				DEBUG_INFORMATION_FORMAT = "dwarf-with-dsym";
				ENABLE_NS_ASSERTIONS = NO;
				GCC_C_LANGUAGE_STANDARD = gnu99;
				GCC_ENABLE_OBJC_EXCEPTIONS = YES;
				GCC_WARN_64_TO_32_BIT_CONVERSION = YES;
				GCC_WARN_ABOUT_RETURN_TYPE = YES_ERROR;
				GCC_WARN_UNDECLARED_SELECTOR = YES;
				GCC_WARN_UNINITIALIZED_AUTOS = YES;
				GCC_WARN_UNUSED_FUNCTION = YES;
				GCC_WARN_UNUSED_VARIABLE = YES;
				MACOSX_DEPLOYMENT_TARGET = 10.8;
				SDKROOT = macosx;
			};
			name = Release;
		};
		59E5CF3D17EC2A9000898135 /* Debug */ = {
			isa = XCBuildConfiguration;
			buildSettings = {
				ASSETCATALOG_COMPILER_APPICON_NAME = AppIcon;
				COMBINE_HIDPI_IMAGES = YES;
				GCC_PRECOMPILE_PREFIX_HEADER = YES;
				GCC_PREFIX_HEADER = "yubiswitch/yubiswitch-Prefix.pch";
				INFOPLIST_FILE = "yubiswitch/yubiswitch-Info.plist";
				PRODUCT_NAME = "$(TARGET_NAME)";
				WRAPPER_EXTENSION = app;
			};
			name = Debug;
		};
		59E5CF3E17EC2A9000898135 /* Release */ = {
			isa = XCBuildConfiguration;
			buildSettings = {
				ASSETCATALOG_COMPILER_APPICON_NAME = AppIcon;
				COMBINE_HIDPI_IMAGES = YES;
				GCC_PRECOMPILE_PREFIX_HEADER = YES;
				GCC_PREFIX_HEADER = "yubiswitch/yubiswitch-Prefix.pch";
				INFOPLIST_FILE = "yubiswitch/yubiswitch-Info.plist";
				PRODUCT_NAME = "$(TARGET_NAME)";
				WRAPPER_EXTENSION = app;
			};
			name = Release;
		};
		59E5CF4017EC2A9000898135 /* Debug */ = {
			isa = XCBuildConfiguration;
			buildSettings = {
				BUNDLE_LOADER = "$(BUILT_PRODUCTS_DIR)/yubiswitch.app/Contents/MacOS/yubiswitch";
				COMBINE_HIDPI_IMAGES = YES;
				FRAMEWORK_SEARCH_PATHS = (
					"$(DEVELOPER_FRAMEWORKS_DIR)",
					"$(inherited)",
				);
				GCC_PRECOMPILE_PREFIX_HEADER = YES;
				GCC_PREFIX_HEADER = "yubiswitch/yubiswitch-Prefix.pch";
				GCC_PREPROCESSOR_DEFINITIONS = (
					"DEBUG=1",
					"$(inherited)",
				);
				INFOPLIST_FILE = "yubiswitchTests/yubiswitchTests-Info.plist";
				PRODUCT_NAME = "$(TARGET_NAME)";
				TEST_HOST = "$(BUNDLE_LOADER)";
				WRAPPER_EXTENSION = xctest;
			};
			name = Debug;
		};
		59E5CF4117EC2A9000898135 /* Release */ = {
			isa = XCBuildConfiguration;
			buildSettings = {
				BUNDLE_LOADER = "$(BUILT_PRODUCTS_DIR)/yubiswitch.app/Contents/MacOS/yubiswitch";
				COMBINE_HIDPI_IMAGES = YES;
				FRAMEWORK_SEARCH_PATHS = (
					"$(DEVELOPER_FRAMEWORKS_DIR)",
					"$(inherited)",
				);
				GCC_PRECOMPILE_PREFIX_HEADER = YES;
				GCC_PREFIX_HEADER = "yubiswitch/yubiswitch-Prefix.pch";
				INFOPLIST_FILE = "yubiswitchTests/yubiswitchTests-Info.plist";
				PRODUCT_NAME = "$(TARGET_NAME)";
				TEST_HOST = "$(BUNDLE_LOADER)";
				WRAPPER_EXTENSION = xctest;
			};
			name = Release;
		};
/* End XCBuildConfiguration section */

/* Begin XCConfigurationList section */
		59E5CF0617EC2A9000898135 /* Build configuration list for PBXProject "yubiswitch" */ = {
			isa = XCConfigurationList;
			buildConfigurations = (
				59E5CF3A17EC2A9000898135 /* Debug */,
				59E5CF3B17EC2A9000898135 /* Release */,
			);
			defaultConfigurationIsVisible = 0;
			defaultConfigurationName = Release;
		};
		59E5CF3C17EC2A9000898135 /* Build configuration list for PBXNativeTarget "yubiswitch" */ = {
			isa = XCConfigurationList;
			buildConfigurations = (
				59E5CF3D17EC2A9000898135 /* Debug */,
				59E5CF3E17EC2A9000898135 /* Release */,
			);
			defaultConfigurationIsVisible = 0;
			defaultConfigurationName = Release;
		};
		59E5CF3F17EC2A9000898135 /* Build configuration list for PBXNativeTarget "yubiswitchTests" */ = {
			isa = XCConfigurationList;
			buildConfigurations = (
				59E5CF4017EC2A9000898135 /* Debug */,
				59E5CF4117EC2A9000898135 /* Release */,
			);
			defaultConfigurationIsVisible = 0;
			defaultConfigurationName = Release;
		};
/* End XCConfigurationList section */
	};
	rootObject = 59E5CF0317EC2A9000898135 /* Project object */;
}
