// !$*UTF8*$!
{
	archiveVersion = 1;
	classes = {
	};
	objectVersion = 46;
	objects = {

/* Begin PBXBuildFile section */
		59013C8817F56F5300005A7E /* PTHotKey.framework in Frameworks */ = {isa = PBXBuildFile; fileRef = 59013C8717F56F0F00005A7E /* PTHotKey.framework */; };
		59013C8917F56F5300005A7E /* ShortcutRecorder.framework in Frameworks */ = {isa = PBXBuildFile; fileRef = 59013C8517F56F0F00005A7E /* ShortcutRecorder.framework */; };
		59013C8E17F5750E00005A7E /* Carbon.framework in Frameworks */ = {isa = PBXBuildFile; fileRef = 59C0616B17EED6AB00D3EE79 /* Carbon.framework */; };
		59013C9317F6CDB900005A7E /* nano.jpg in Resources */ = {isa = PBXBuildFile; fileRef = 59013C9217F6CDB900005A7E /* nano.jpg */; };
		593929681B21058600905E94 /* ShortcutRecorder.framework in CopyFiles */ = {isa = PBXBuildFile; fileRef = 59013C8517F56F0F00005A7E /* ShortcutRecorder.framework */; settings = {ATTRIBUTES = (CodeSignOnCopy, RemoveHeadersOnCopy, ); }; };
		593929691B21058700905E94 /* PTHotKey.framework in CopyFiles */ = {isa = PBXBuildFile; fileRef = 59013C8717F56F0F00005A7E /* PTHotKey.framework */; settings = {ATTRIBUTES = (CodeSignOnCopy, RemoveHeadersOnCopy, ); }; };
		5939296C1B2108DC00905E94 /* com.pallotron.yubiswitch.helper in CopyFiles */ = {isa = PBXBuildFile; fileRef = 593AE45D1B1371B700FCA848 /* com.pallotron.yubiswitch.helper */; settings = {ATTRIBUTES = (CodeSignOnCopy, ); }; };
		593AE4601B1371B700FCA848 /* main.c in Sources */ = {isa = PBXBuildFile; fileRef = 593AE45F1B1371B700FCA848 /* main.c */; };
		593B4E0917F09362003195DE /* AboutWindowController.m in Sources */ = {isa = PBXBuildFile; fileRef = 593B4E0717F09362003195DE /* AboutWindowController.m */; };
		593B4E0A17F09362003195DE /* AboutWindowController.xib in Resources */ = {isa = PBXBuildFile; fileRef = 593B4E0817F09362003195DE /* AboutWindowController.xib */; };
		593B4E0E17F0A2BD003195DE /* PreferencesController.m in Sources */ = {isa = PBXBuildFile; fileRef = 593B4E0C17F0A2BD003195DE /* PreferencesController.m */; };
		593B4E0F17F0A2BD003195DE /* PreferencesController.xib in Resources */ = {isa = PBXBuildFile; fileRef = 593B4E0D17F0A2BD003195DE /* PreferencesController.xib */; };
		594DCCE717EF99D400D9C2E2 /* LICENSE in Resources */ = {isa = PBXBuildFile; fileRef = 594DCCE617EF99D400D9C2E2 /* LICENSE */; };
		5983505918BA3B19001917C7 /* YubiSwitch.sdef in Resources */ = {isa = PBXBuildFile; fileRef = 5983505818BA3B19001917C7 /* YubiSwitch.sdef */; };
		59882B5D18BA7735001B9389 /* YubiKeyScript.m in Sources */ = {isa = PBXBuildFile; fileRef = 59882B5C18BA7735001B9389 /* YubiKeyScript.m */; };
		598AF34517F380C4008165C6 /* DefaultPreferences.plist in Resources */ = {isa = PBXBuildFile; fileRef = 598AF34417F380C4008165C6 /* DefaultPreferences.plist */; };
		59C0616D17EED74400D3EE79 /* Cocoa.framework in Frameworks */ = {isa = PBXBuildFile; fileRef = 59E5CF0E17EC2A9000898135 /* Cocoa.framework */; };
		59E5CF1917EC2A9000898135 /* InfoPlist.strings in Resources */ = {isa = PBXBuildFile; fileRef = 59E5CF1717EC2A9000898135 /* InfoPlist.strings */; };
		59E5CF2217EC2A9000898135 /* AppDelegate.m in Sources */ = {isa = PBXBuildFile; fileRef = 59E5CF2117EC2A9000898135 /* AppDelegate.m */; };
		59E5CF2717EC2A9000898135 /* Images.xcassets in Resources */ = {isa = PBXBuildFile; fileRef = 59E5CF2617EC2A9000898135 /* Images.xcassets */; };
		59E5CF4417EC472400898135 /* YubiKey.m in Sources */ = {isa = PBXBuildFile; fileRef = 59E5CF4317EC472400898135 /* YubiKey.m */; };
		59EC128A17ECFAFD00B3C3A6 /* README.md in Resources */ = {isa = PBXBuildFile; fileRef = 59EC128917ECFAFD00B3C3A6 /* README.md */; };
		59EC128C17ECFEFE00B3C3A6 /* IOKit.framework in Frameworks */ = {isa = PBXBuildFile; fileRef = 59EC128B17ECFEFE00B3C3A6 /* IOKit.framework */; };
		59EECB3C180440950091AF5E /* screenshot-prefs.png in Resources */ = {isa = PBXBuildFile; fileRef = 59EECB3A180440950091AF5E /* screenshot-prefs.png */; };
		59EECB3D180440950091AF5E /* screenshot-menuitems.png in Resources */ = {isa = PBXBuildFile; fileRef = 59EECB3B180440950091AF5E /* screenshot-menuitems.png */; };
		59EECB441804422C0091AF5E /* createdmg.sh in Resources */ = {isa = PBXBuildFile; fileRef = 59EECB431804422C0091AF5E /* createdmg.sh */; };
		59EF40661B13C4A60000BB5F /* main.m in Sources */ = {isa = PBXBuildFile; fileRef = 59E5CF1A17EC2A9000898135 /* main.m */; };
		59EF406A1B13D19A0000BB5F /* Security.framework in Frameworks */ = {isa = PBXBuildFile; fileRef = 59EF40691B13D19A0000BB5F /* Security.framework */; };
		59EF406C1B13D1A60000BB5F /* ServiceManagement.framework in Frameworks */ = {isa = PBXBuildFile; fileRef = 59EF406B1B13D1A60000BB5F /* ServiceManagement.framework */; };
		59EF407D1B13E1490000BB5F /* yubiswitch-helper-Info.plist in Resources */ = {isa = PBXBuildFile; fileRef = 59EF407C1B13E1490000BB5F /* yubiswitch-helper-Info.plist */; };
		59F627E41B8218C50000FEB3 /* MainMenu.xib in Resources */ = {isa = PBXBuildFile; fileRef = 59E5CF2317EC2A9000898135 /* MainMenu.xib */; };
/* End PBXBuildFile section */

/* Begin PBXContainerItemProxy section */
		59013C8417F56F0F00005A7E /* PBXContainerItemProxy */ = {
			isa = PBXContainerItemProxy;
			containerPortal = 59013C7F17F56F0F00005A7E /* ShortcutRecorder.xcodeproj */;
			proxyType = 2;
			remoteGlobalIDString = 939837800DA42965007F53F3;
			remoteInfo = ShortcutRecorder.framework;
		};
		59013C8617F56F0F00005A7E /* PBXContainerItemProxy */ = {
			isa = PBXContainerItemProxy;
			containerPortal = 59013C7F17F56F0F00005A7E /* ShortcutRecorder.xcodeproj */;
			proxyType = 2;
			remoteGlobalIDString = E273122E1349EC9000A84433;
			remoteInfo = PTHotKey.framework;
		};
		590FB31017FB120F00148522 /* PBXContainerItemProxy */ = {
			isa = PBXContainerItemProxy;
			containerPortal = 59013C7F17F56F0F00005A7E /* ShortcutRecorder.xcodeproj */;
			proxyType = 1;
			remoteGlobalIDString = 9398377F0DA42965007F53F3;
			remoteInfo = ShortcutRecorder.framework;
		};
		590FB31217FB120F00148522 /* PBXContainerItemProxy */ = {
			isa = PBXContainerItemProxy;
			containerPortal = 59013C7F17F56F0F00005A7E /* ShortcutRecorder.xcodeproj */;
			proxyType = 1;
			remoteGlobalIDString = E273122D1349EC9000A84433;
			remoteInfo = PTHotKey.framework;
		};
		59EF40611B13C3CA0000BB5F /* PBXContainerItemProxy */ = {
			isa = PBXContainerItemProxy;
			containerPortal = 59E5CF0317EC2A9000898135 /* Project object */;
			proxyType = 1;
			remoteGlobalIDString = 593AE45C1B1371B700FCA848;
			remoteInfo = yubiswitch.helper;
		};
		EA0513DC1A76C3B50078738E /* PBXContainerItemProxy */ = {
			isa = PBXContainerItemProxy;
			containerPortal = 59013C7F17F56F0F00005A7E /* ShortcutRecorder.xcodeproj */;
			proxyType = 2;
			remoteGlobalIDString = 0D6B2468180304DE00CE1142;
			remoteInfo = Demo;
		};
/* End PBXContainerItemProxy section */

/* Begin PBXCopyFilesBuildPhase section */
		59013C8A17F5709E00005A7E /* CopyFiles */ = {
			isa = PBXCopyFilesBuildPhase;
			buildActionMask = 12;
			dstPath = "";
			dstSubfolderSpec = 10;
			files = (
				593929681B21058600905E94 /* ShortcutRecorder.framework in CopyFiles */,
				593929691B21058700905E94 /* PTHotKey.framework in CopyFiles */,
			);
			runOnlyForDeploymentPostprocessing = 0;
		};
		5939296B1B2108D000905E94 /* CopyFiles */ = {
			isa = PBXCopyFilesBuildPhase;
			buildActionMask = 12;
			dstPath = Contents/Library/LaunchServices;
			dstSubfolderSpec = 1;
			files = (
				5939296C1B2108DC00905E94 /* com.pallotron.yubiswitch.helper in CopyFiles */,
			);
			runOnlyForDeploymentPostprocessing = 0;
		};
		593AE45B1B1371B700FCA848 /* CopyFiles */ = {
			isa = PBXCopyFilesBuildPhase;
			buildActionMask = 12;
			dstPath = "";
			dstSubfolderSpec = 6;
			files = (
			);
			runOnlyForDeploymentPostprocessing = 0;
		};
/* End PBXCopyFilesBuildPhase section */

/* Begin PBXFileReference section */
		59013C7F17F56F0F00005A7E /* ShortcutRecorder.xcodeproj */ = {isa = PBXFileReference; lastKnownFileType = "wrapper.pb-project"; name = ShortcutRecorder.xcodeproj; path = ShortcutRecorder/ShortcutRecorder.xcodeproj; sourceTree = "<group>"; };
		59013C9217F6CDB900005A7E /* nano.jpg */ = {isa = PBXFileReference; lastKnownFileType = image.jpeg; path = nano.jpg; sourceTree = "<group>"; };
		593AE45D1B1371B700FCA848 /* com.pallotron.yubiswitch.helper */ = {isa = PBXFileReference; explicitFileType = "compiled.mach-o.executable"; includeInIndex = 0; path = com.pallotron.yubiswitch.helper; sourceTree = BUILT_PRODUCTS_DIR; };
		593AE45F1B1371B700FCA848 /* main.c */ = {isa = PBXFileReference; lastKnownFileType = sourcecode.c.c; path = main.c; sourceTree = "<group>"; };
		593B4E0617F09362003195DE /* AboutWindowController.h */ = {isa = PBXFileReference; fileEncoding = 4; lastKnownFileType = sourcecode.c.h; path = AboutWindowController.h; sourceTree = "<group>"; };
		593B4E0717F09362003195DE /* AboutWindowController.m */ = {isa = PBXFileReference; fileEncoding = 4; lastKnownFileType = sourcecode.c.objc; path = AboutWindowController.m; sourceTree = "<group>"; };
		593B4E0817F09362003195DE /* AboutWindowController.xib */ = {isa = PBXFileReference; fileEncoding = 4; lastKnownFileType = file.xib; path = AboutWindowController.xib; sourceTree = "<group>"; };
		593B4E0C17F0A2BD003195DE /* PreferencesController.m */ = {isa = PBXFileReference; fileEncoding = 4; lastKnownFileType = sourcecode.c.objc; path = PreferencesController.m; sourceTree = "<group>"; };
		593B4E0D17F0A2BD003195DE /* PreferencesController.xib */ = {isa = PBXFileReference; fileEncoding = 4; lastKnownFileType = file.xib; path = PreferencesController.xib; sourceTree = "<group>"; };
		594DCCE617EF99D400D9C2E2 /* LICENSE */ = {isa = PBXFileReference; fileEncoding = 4; lastKnownFileType = text; path = LICENSE; sourceTree = "<group>"; };
		5970C8D418B3A48100CDE1BB /* Foundation.framework */ = {isa = PBXFileReference; lastKnownFileType = wrapper.framework; name = Foundation.framework; path = System/Library/Frameworks/Foundation.framework; sourceTree = SDKROOT; };
		5983505818BA3B19001917C7 /* YubiSwitch.sdef */ = {isa = PBXFileReference; fileEncoding = 4; lastKnownFileType = text; name = YubiSwitch.sdef; path = ../YubiSwitch.sdef; sourceTree = "<group>"; };
		59882B5B18BA7735001B9389 /* YubiKeyScript.h */ = {isa = PBXFileReference; fileEncoding = 4; lastKnownFileType = sourcecode.c.h; path = YubiKeyScript.h; sourceTree = "<group>"; };
		59882B5C18BA7735001B9389 /* YubiKeyScript.m */ = {isa = PBXFileReference; fileEncoding = 4; lastKnownFileType = sourcecode.c.objc; path = YubiKeyScript.m; sourceTree = "<group>"; };
		598AF34417F380C4008165C6 /* DefaultPreferences.plist */ = {isa = PBXFileReference; fileEncoding = 4; lastKnownFileType = text.plist.xml; path = DefaultPreferences.plist; sourceTree = "<group>"; };
		59C0616B17EED6AB00D3EE79 /* Carbon.framework */ = {isa = PBXFileReference; lastKnownFileType = wrapper.framework; name = Carbon.framework; path = System/Library/Frameworks/Carbon.framework; sourceTree = SDKROOT; };
		59E5CF0B17EC2A9000898135 /* yubiswitch.app */ = {isa = PBXFileReference; explicitFileType = wrapper.application; includeInIndex = 0; path = yubiswitch.app; sourceTree = BUILT_PRODUCTS_DIR; };
		59E5CF0E17EC2A9000898135 /* Cocoa.framework */ = {isa = PBXFileReference; lastKnownFileType = wrapper.framework; name = Cocoa.framework; path = System/Library/Frameworks/Cocoa.framework; sourceTree = SDKROOT; };
		59E5CF1117EC2A9000898135 /* AppKit.framework */ = {isa = PBXFileReference; lastKnownFileType = wrapper.framework; name = AppKit.framework; path = System/Library/Frameworks/AppKit.framework; sourceTree = SDKROOT; };
		59E5CF1217EC2A9000898135 /* CoreData.framework */ = {isa = PBXFileReference; lastKnownFileType = wrapper.framework; name = CoreData.framework; path = System/Library/Frameworks/CoreData.framework; sourceTree = SDKROOT; };
		59E5CF1317EC2A9000898135 /* Foundation.framework */ = {isa = PBXFileReference; lastKnownFileType = wrapper.framework; name = Foundation.framework; path = System/Library/Frameworks/Foundation.framework; sourceTree = SDKROOT; };
		59E5CF1617EC2A9000898135 /* yubiswitch-Info.plist */ = {isa = PBXFileReference; lastKnownFileType = text.plist.xml; path = "yubiswitch-Info.plist"; sourceTree = "<group>"; };
		59E5CF1817EC2A9000898135 /* en */ = {isa = PBXFileReference; lastKnownFileType = text.plist.strings; name = en; path = en.lproj/InfoPlist.strings; sourceTree = "<group>"; };
		59E5CF1A17EC2A9000898135 /* main.m */ = {isa = PBXFileReference; lastKnownFileType = sourcecode.c.objc; path = main.m; sourceTree = "<group>"; };
		59E5CF1C17EC2A9000898135 /* yubiswitch-Prefix.pch */ = {isa = PBXFileReference; lastKnownFileType = sourcecode.c.h; path = "yubiswitch-Prefix.pch"; sourceTree = "<group>"; };
		59E5CF2017EC2A9000898135 /* AppDelegate.h */ = {isa = PBXFileReference; lastKnownFileType = sourcecode.c.h; path = AppDelegate.h; sourceTree = "<group>"; };
		59E5CF2117EC2A9000898135 /* AppDelegate.m */ = {isa = PBXFileReference; lastKnownFileType = sourcecode.c.objc; path = AppDelegate.m; sourceTree = "<group>"; };
		59E5CF2417EC2A9000898135 /* Base */ = {isa = PBXFileReference; lastKnownFileType = file.xib; name = Base; path = Base.lproj/MainMenu.xib; sourceTree = "<group>"; };
		59E5CF2617EC2A9000898135 /* Images.xcassets */ = {isa = PBXFileReference; lastKnownFileType = folder.assetcatalog; path = Images.xcassets; sourceTree = "<group>"; };
		59E5CF4217EC472400898135 /* YubiKey.h */ = {isa = PBXFileReference; fileEncoding = 4; lastKnownFileType = sourcecode.c.h; path = YubiKey.h; sourceTree = "<group>"; };
		59E5CF4317EC472400898135 /* YubiKey.m */ = {isa = PBXFileReference; fileEncoding = 4; lastKnownFileType = sourcecode.c.objc; path = YubiKey.m; sourceTree = "<group>"; };
		59EC128917ECFAFD00B3C3A6 /* README.md */ = {isa = PBXFileReference; fileEncoding = 4; lastKnownFileType = text; path = README.md; sourceTree = "<group>"; };
		59EC128B17ECFEFE00B3C3A6 /* IOKit.framework */ = {isa = PBXFileReference; lastKnownFileType = wrapper.framework; name = IOKit.framework; path = System/Library/Frameworks/IOKit.framework; sourceTree = SDKROOT; };
		59EECB3A180440950091AF5E /* screenshot-prefs.png */ = {isa = PBXFileReference; lastKnownFileType = image.png; path = "screenshot-prefs.png"; sourceTree = "<group>"; };
		59EECB3B180440950091AF5E /* screenshot-menuitems.png */ = {isa = PBXFileReference; lastKnownFileType = image.png; path = "screenshot-menuitems.png"; sourceTree = "<group>"; };
		59EECB431804422C0091AF5E /* createdmg.sh */ = {isa = PBXFileReference; fileEncoding = 4; lastKnownFileType = text.script.sh; name = createdmg.sh; path = dmg/createdmg.sh; sourceTree = "<group>"; };
		59EF40681B13CDC20000BB5F /* yubiswitch-helper-launchd.plist */ = {isa = PBXFileReference; fileEncoding = 4; lastKnownFileType = text.plist.xml; path = "yubiswitch-helper-launchd.plist"; sourceTree = "<group>"; };
		59EF40691B13D19A0000BB5F /* Security.framework */ = {isa = PBXFileReference; lastKnownFileType = wrapper.framework; name = Security.framework; path = System/Library/Frameworks/Security.framework; sourceTree = SDKROOT; };
		59EF406B1B13D1A60000BB5F /* ServiceManagement.framework */ = {isa = PBXFileReference; lastKnownFileType = wrapper.framework; name = ServiceManagement.framework; path = System/Library/Frameworks/ServiceManagement.framework; sourceTree = SDKROOT; };
		59EF407C1B13E1490000BB5F /* yubiswitch-helper-Info.plist */ = {isa = PBXFileReference; fileEncoding = 4; lastKnownFileType = text.plist.xml; path = "yubiswitch-helper-Info.plist"; sourceTree = "<group>"; };
/* End PBXFileReference section */

/* Begin PBXFrameworksBuildPhase section */
		593AE45A1B1371B700FCA848 /* Frameworks */ = {
			isa = PBXFrameworksBuildPhase;
			buildActionMask = 2147483647;
			files = (
			);
			runOnlyForDeploymentPostprocessing = 0;
		};
		59E5CF0817EC2A9000898135 /* Frameworks */ = {
			isa = PBXFrameworksBuildPhase;
			buildActionMask = 2147483647;
			files = (
				59EF406C1B13D1A60000BB5F /* ServiceManagement.framework in Frameworks */,
				59EF406A1B13D19A0000BB5F /* Security.framework in Frameworks */,
				59013C8E17F5750E00005A7E /* Carbon.framework in Frameworks */,
				59013C8817F56F5300005A7E /* PTHotKey.framework in Frameworks */,
				59013C8917F56F5300005A7E /* ShortcutRecorder.framework in Frameworks */,
				59C0616D17EED74400D3EE79 /* Cocoa.framework in Frameworks */,
				59EC128C17ECFEFE00B3C3A6 /* IOKit.framework in Frameworks */,
			);
			runOnlyForDeploymentPostprocessing = 0;
		};
/* End PBXFrameworksBuildPhase section */

/* Begin PBXGroup section */
		59013C8017F56F0F00005A7E /* Products */ = {
			isa = PBXGroup;
			children = (
				59013C8517F56F0F00005A7E /* ShortcutRecorder.framework */,
				59013C8717F56F0F00005A7E /* PTHotKey.framework */,
				EA0513DD1A76C3B50078738E /* Demo.app */,
			);
			name = Products;
			sourceTree = "<group>";
		};
		59013C9117F6CDB900005A7E /* images */ = {
			isa = PBXGroup;
			children = (
				59EECB3A180440950091AF5E /* screenshot-prefs.png */,
				59EECB3B180440950091AF5E /* screenshot-menuitems.png */,
				59013C9217F6CDB900005A7E /* nano.jpg */,
			);
			path = images;
			sourceTree = SOURCE_ROOT;
		};
		593AE45E1B1371B700FCA848 /* yubiswitch.helper */ = {
			isa = PBXGroup;
			children = (
				59EF407C1B13E1490000BB5F /* yubiswitch-helper-Info.plist */,
				593AE45F1B1371B700FCA848 /* main.c */,
				59EF40681B13CDC20000BB5F /* yubiswitch-helper-launchd.plist */,
			);
			path = yubiswitch.helper;
			sourceTree = "<group>";
		};
		59E5CF0217EC2A9000898135 = {
			isa = PBXGroup;
			children = (
				59013C7F17F56F0F00005A7E /* ShortcutRecorder.xcodeproj */,
				59EC128917ECFAFD00B3C3A6 /* README.md */,
				594DCCE617EF99D400D9C2E2 /* LICENSE */,
				59EECB42180442230091AF5E /* dmg */,
				59E5CF1417EC2A9000898135 /* yubiswitch */,
				593AE45E1B1371B700FCA848 /* yubiswitch.helper */,
				59E5CF0D17EC2A9000898135 /* Frameworks */,
				59E5CF0C17EC2A9000898135 /* Products */,
			);
			sourceTree = "<group>";
			usesTabs = 0;
		};
		59E5CF0C17EC2A9000898135 /* Products */ = {
			isa = PBXGroup;
			children = (
				59E5CF0B17EC2A9000898135 /* yubiswitch.app */,
				593AE45D1B1371B700FCA848 /* com.pallotron.yubiswitch.helper */,
			);
			name = Products;
			sourceTree = "<group>";
		};
		59E5CF0D17EC2A9000898135 /* Frameworks */ = {
			isa = PBXGroup;
			children = (
				59EF406B1B13D1A60000BB5F /* ServiceManagement.framework */,
				59EF40691B13D19A0000BB5F /* Security.framework */,
				59C0616B17EED6AB00D3EE79 /* Carbon.framework */,
				59EC128B17ECFEFE00B3C3A6 /* IOKit.framework */,
				59E5CF0E17EC2A9000898135 /* Cocoa.framework */,
				5970C8D418B3A48100CDE1BB /* Foundation.framework */,
				59E5CF1017EC2A9000898135 /* Other Frameworks */,
			);
			name = Frameworks;
			sourceTree = "<group>";
		};
		59E5CF1017EC2A9000898135 /* Other Frameworks */ = {
			isa = PBXGroup;
			children = (
				59E5CF1117EC2A9000898135 /* AppKit.framework */,
				59E5CF1217EC2A9000898135 /* CoreData.framework */,
				59E5CF1317EC2A9000898135 /* Foundation.framework */,
			);
			name = "Other Frameworks";
			sourceTree = "<group>";
		};
		59E5CF1417EC2A9000898135 /* yubiswitch */ = {
			isa = PBXGroup;
			children = (
				593B4E0617F09362003195DE /* AboutWindowController.h */,
				593B4E0717F09362003195DE /* AboutWindowController.m */,
				593B4E0817F09362003195DE /* AboutWindowController.xib */,
				593B4E0C17F0A2BD003195DE /* PreferencesController.m */,
				593B4E0D17F0A2BD003195DE /* PreferencesController.xib */,
				598AF34417F380C4008165C6 /* DefaultPreferences.plist */,
				59E5CF2017EC2A9000898135 /* AppDelegate.h */,
				59E5CF2117EC2A9000898135 /* AppDelegate.m */,
				59E5CF2317EC2A9000898135 /* MainMenu.xib */,
				59882B5B18BA7735001B9389 /* YubiKeyScript.h */,
				59882B5C18BA7735001B9389 /* YubiKeyScript.m */,
				59E5CF4217EC472400898135 /* YubiKey.h */,
				59E5CF4317EC472400898135 /* YubiKey.m */,
				59E5CF2617EC2A9000898135 /* Images.xcassets */,
				59013C9117F6CDB900005A7E /* images */,
				59E5CF1517EC2A9000898135 /* Supporting Files */,
			);
			path = yubiswitch;
			sourceTree = "<group>";
		};
		59E5CF1517EC2A9000898135 /* Supporting Files */ = {
			isa = PBXGroup;
			children = (
				5983505818BA3B19001917C7 /* YubiSwitch.sdef */,
				59E5CF1617EC2A9000898135 /* yubiswitch-Info.plist */,
				59E5CF1717EC2A9000898135 /* InfoPlist.strings */,
				59E5CF1A17EC2A9000898135 /* main.m */,
				59E5CF1C17EC2A9000898135 /* yubiswitch-Prefix.pch */,
			);
			name = "Supporting Files";
			sourceTree = "<group>";
		};
		59EECB42180442230091AF5E /* dmg */ = {
			isa = PBXGroup;
			children = (
				59EECB431804422C0091AF5E /* createdmg.sh */,
			);
			name = dmg;
			sourceTree = "<group>";
		};
/* End PBXGroup section */

/* Begin PBXNativeTarget section */
		593AE45C1B1371B700FCA848 /* com.pallotron.yubiswitch.helper */ = {
			isa = PBXNativeTarget;
			buildConfigurationList = 593AE4611B1371B800FCA848 /* Build configuration list for PBXNativeTarget "com.pallotron.yubiswitch.helper" */;
			buildPhases = (
				593AE4591B1371B700FCA848 /* Sources */,
				593AE45A1B1371B700FCA848 /* Frameworks */,
				593AE45B1B1371B700FCA848 /* CopyFiles */,
			);
			buildRules = (
			);
			dependencies = (
			);
			name = com.pallotron.yubiswitch.helper;
			productName = yubiswitch.helper;
			productReference = 593AE45D1B1371B700FCA848 /* com.pallotron.yubiswitch.helper */;
			productType = "com.apple.product-type.tool";
		};
		59E5CF0A17EC2A9000898135 /* yubiswitch */ = {
			isa = PBXNativeTarget;
			buildConfigurationList = 59E5CF3C17EC2A9000898135 /* Build configuration list for PBXNativeTarget "yubiswitch" */;
			buildPhases = (
				59E5CF0717EC2A9000898135 /* Sources */,
				59E5CF0817EC2A9000898135 /* Frameworks */,
				59E5CF0917EC2A9000898135 /* Resources */,
				59013C8A17F5709E00005A7E /* CopyFiles */,
				5939296B1B2108D000905E94 /* CopyFiles */,
			);
			buildRules = (
			);
			dependencies = (
				59EF40621B13C3CA0000BB5F /* PBXTargetDependency */,
				590FB31117FB120F00148522 /* PBXTargetDependency */,
				590FB31317FB120F00148522 /* PBXTargetDependency */,
			);
			name = yubiswitch;
			productName = yubiswitch;
			productReference = 59E5CF0B17EC2A9000898135 /* yubiswitch.app */;
			productType = "com.apple.product-type.application";
		};
/* End PBXNativeTarget section */

/* Begin PBXProject section */
		59E5CF0317EC2A9000898135 /* Project object */ = {
			isa = PBXProject;
			attributes = {
				CLASSPREFIX = "";
				LastUpgradeCheck = 0610;
				ORGANIZATIONNAME = "Angelo Failla";
				TargetAttributes = {
					593AE45C1B1371B700FCA848 = {
						CreatedOnToolsVersion = 6.3.1;
					};
					59E5CF0A17EC2A9000898135 = {
						DevelopmentTeam = T8ZNNBVE9Z;
					};
				};
			};
			buildConfigurationList = 59E5CF0617EC2A9000898135 /* Build configuration list for PBXProject "yubiswitch" */;
			compatibilityVersion = "Xcode 3.2";
			developmentRegion = English;
			hasScannedForEncodings = 0;
			knownRegions = (
				en,
				Base,
				English,
				ca,
				cs,
				da,
				de,
				el,
				"es-MX",
				es,
				fr,
				it,
				ja,
				ko,
				nb,
				nl,
				pl,
				"pt-BR",
				pt,
				ro,
				ru,
				sk,
				sv,
				th,
				"zh-Hans",
				"zh-Hant",
			);
			mainGroup = 59E5CF0217EC2A9000898135;
			productRefGroup = 59E5CF0C17EC2A9000898135 /* Products */;
			projectDirPath = "";
			projectReferences = (
				{
					ProductGroup = 59013C8017F56F0F00005A7E /* Products */;
					ProjectRef = 59013C7F17F56F0F00005A7E /* ShortcutRecorder.xcodeproj */;
				},
			);
			projectRoot = "";
			targets = (
				59E5CF0A17EC2A9000898135 /* yubiswitch */,
				593AE45C1B1371B700FCA848 /* com.pallotron.yubiswitch.helper */,
			);
		};
/* End PBXProject section */

/* Begin PBXReferenceProxy section */
		59013C8517F56F0F00005A7E /* ShortcutRecorder.framework */ = {
			isa = PBXReferenceProxy;
			fileType = wrapper.framework;
			path = ShortcutRecorder.framework;
			remoteRef = 59013C8417F56F0F00005A7E /* PBXContainerItemProxy */;
			sourceTree = BUILT_PRODUCTS_DIR;
		};
		59013C8717F56F0F00005A7E /* PTHotKey.framework */ = {
			isa = PBXReferenceProxy;
			fileType = wrapper.framework;
			path = PTHotKey.framework;
			remoteRef = 59013C8617F56F0F00005A7E /* PBXContainerItemProxy */;
			sourceTree = BUILT_PRODUCTS_DIR;
		};
		EA0513DD1A76C3B50078738E /* Demo.app */ = {
			isa = PBXReferenceProxy;
			fileType = wrapper.application;
			path = Demo.app;
			remoteRef = EA0513DC1A76C3B50078738E /* PBXContainerItemProxy */;
			sourceTree = BUILT_PRODUCTS_DIR;
		};
/* End PBXReferenceProxy section */

/* Begin PBXResourcesBuildPhase section */
		59E5CF0917EC2A9000898135 /* Resources */ = {
			isa = PBXResourcesBuildPhase;
			buildActionMask = 2147483647;
			files = (
				59F627E41B8218C50000FEB3 /* MainMenu.xib in Resources */,
				594DCCE717EF99D400D9C2E2 /* LICENSE in Resources */,
				598AF34517F380C4008165C6 /* DefaultPreferences.plist in Resources */,
				59E5CF1917EC2A9000898135 /* InfoPlist.strings in Resources */,
				5983505918BA3B19001917C7 /* YubiSwitch.sdef in Resources */,
				593B4E0A17F09362003195DE /* AboutWindowController.xib in Resources */,
				59EECB3D180440950091AF5E /* screenshot-menuitems.png in Resources */,
				59EECB3C180440950091AF5E /* screenshot-prefs.png in Resources */,
				59013C9317F6CDB900005A7E /* nano.jpg in Resources */,
				59E5CF2717EC2A9000898135 /* Images.xcassets in Resources */,
				59EECB441804422C0091AF5E /* createdmg.sh in Resources */,
				593B4E0F17F0A2BD003195DE /* PreferencesController.xib in Resources */,
				59EC128A17ECFAFD00B3C3A6 /* README.md in Resources */,
				59EF407D1B13E1490000BB5F /* yubiswitch-helper-Info.plist in Resources */,
			);
			runOnlyForDeploymentPostprocessing = 0;
		};
/* End PBXResourcesBuildPhase section */

/* Begin PBXSourcesBuildPhase section */
		593AE4591B1371B700FCA848 /* Sources */ = {
			isa = PBXSourcesBuildPhase;
			buildActionMask = 2147483647;
			files = (
				593AE4601B1371B700FCA848 /* main.c in Sources */,
			);
			runOnlyForDeploymentPostprocessing = 0;
		};
		59E5CF0717EC2A9000898135 /* Sources */ = {
			isa = PBXSourcesBuildPhase;
			buildActionMask = 2147483647;
			files = (
				59EF40661B13C4A60000BB5F /* main.m in Sources */,
				593B4E0E17F0A2BD003195DE /* PreferencesController.m in Sources */,
				59882B5D18BA7735001B9389 /* YubiKeyScript.m in Sources */,
				59E5CF2217EC2A9000898135 /* AppDelegate.m in Sources */,
				593B4E0917F09362003195DE /* AboutWindowController.m in Sources */,
				59E5CF4417EC472400898135 /* YubiKey.m in Sources */,
			);
			runOnlyForDeploymentPostprocessing = 0;
		};
/* End PBXSourcesBuildPhase section */

/* Begin PBXTargetDependency section */
		590FB31117FB120F00148522 /* PBXTargetDependency */ = {
			isa = PBXTargetDependency;
			name = ShortcutRecorder.framework;
			targetProxy = 590FB31017FB120F00148522 /* PBXContainerItemProxy */;
		};
		590FB31317FB120F00148522 /* PBXTargetDependency */ = {
			isa = PBXTargetDependency;
			name = PTHotKey.framework;
			targetProxy = 590FB31217FB120F00148522 /* PBXContainerItemProxy */;
		};
		59EF40621B13C3CA0000BB5F /* PBXTargetDependency */ = {
			isa = PBXTargetDependency;
			target = 593AE45C1B1371B700FCA848 /* com.pallotron.yubiswitch.helper */;
			targetProxy = 59EF40611B13C3CA0000BB5F /* PBXContainerItemProxy */;
		};
/* End PBXTargetDependency section */

/* Begin PBXVariantGroup section */
		59E5CF1717EC2A9000898135 /* InfoPlist.strings */ = {
			isa = PBXVariantGroup;
			children = (
				59E5CF1817EC2A9000898135 /* en */,
			);
			name = InfoPlist.strings;
			sourceTree = "<group>";
		};
		59E5CF2317EC2A9000898135 /* MainMenu.xib */ = {
			isa = PBXVariantGroup;
			children = (
				59E5CF2417EC2A9000898135 /* Base */,
			);
			name = MainMenu.xib;
			sourceTree = "<group>";
		};
/* End PBXVariantGroup section */

/* Begin XCBuildConfiguration section */
		593AE4621B1371B800FCA848 /* Debug */ = {
			isa = XCBuildConfiguration;
			buildSettings = {
				CLANG_ENABLE_MODULES = YES;
				CLANG_WARN_UNREACHABLE_CODE = YES;
				DEBUG_INFORMATION_FORMAT = dwarf;
				ENABLE_STRICT_OBJC_MSGSEND = YES;
				GCC_NO_COMMON_BLOCKS = YES;
				GCC_PREPROCESSOR_DEFINITIONS = (
					"DEBUG=1",
					"$(inherited)",
				);
				GCC_WARN_UNINITIALIZED_AUTOS = YES_AGGRESSIVE;
				INFOPLIST_FILE = "yubiswitch.helper/yubiswitch-helper-Info.plist";
				MACOSX_DEPLOYMENT_TARGET = 10.10;
				MTL_ENABLE_DEBUG_INFO = YES;
				OTHER_LDFLAGS = (
					"-sectcreate",
					__TEXT,
					__info_plist,
					"yubiswitch.helper/yubiswitch-helper-Info.plist",
					"-sectcreate",
					__TEXT,
					__launchd_plist,
					"yubiswitch.helper/yubiswitch-helper-launchd.plist",
				);
				PRODUCT_NAME = "$(TARGET_NAME)";
			};
			name = Debug;
		};
		593AE4631B1371B800FCA848 /* Release */ = {
			isa = XCBuildConfiguration;
			buildSettings = {
				CLANG_ENABLE_MODULES = YES;
				CLANG_WARN_UNREACHABLE_CODE = YES;
				COPY_PHASE_STRIP = NO;
				ENABLE_STRICT_OBJC_MSGSEND = YES;
				GCC_NO_COMMON_BLOCKS = YES;
				GCC_WARN_UNINITIALIZED_AUTOS = YES_AGGRESSIVE;
				INFOPLIST_FILE = "yubiswitch.helper/yubiswitch-helper-Info.plist";
				MACOSX_DEPLOYMENT_TARGET = 10.10;
				MTL_ENABLE_DEBUG_INFO = NO;
				OTHER_LDFLAGS = (
					"-sectcreate",
					__TEXT,
					__info_plist,
					"yubiswitch.helper/yubiswitch-helper-Info.plist",
					"-sectcreate",
					__TEXT,
					__launchd_plist,
					"yubiswitch.helper/yubiswitch-helper-launchd.plist",
				);
				PRODUCT_NAME = "$(TARGET_NAME)";
			};
			name = Release;
		};
		59E5CF3A17EC2A9000898135 /* Debug */ = {
			isa = XCBuildConfiguration;
			buildSettings = {
				ALWAYS_SEARCH_USER_PATHS = NO;
				CLANG_CXX_LANGUAGE_STANDARD = "gnu++0x";
				CLANG_CXX_LIBRARY = "libc++";
				CLANG_ENABLE_OBJC_ARC = YES;
				CLANG_WARN_BOOL_CONVERSION = YES;
				CLANG_WARN_CONSTANT_CONVERSION = YES;
				CLANG_WARN_DIRECT_OBJC_ISA_USAGE = YES_ERROR;
				CLANG_WARN_EMPTY_BODY = YES;
				CLANG_WARN_ENUM_CONVERSION = YES;
				CLANG_WARN_INT_CONVERSION = YES;
				CLANG_WARN_OBJC_ROOT_CLASS = YES_ERROR;
				CLANG_WARN__DUPLICATE_METHOD_MATCH = YES;
				CODE_SIGN_IDENTITY = "Mac Developer: Angelo Failla (22Y3UXV6J8)";
				COPY_PHASE_STRIP = NO;
				GCC_C_LANGUAGE_STANDARD = gnu99;
				GCC_DYNAMIC_NO_PIC = NO;
				GCC_ENABLE_OBJC_EXCEPTIONS = YES;
				GCC_OPTIMIZATION_LEVEL = 0;
				GCC_PREPROCESSOR_DEFINITIONS = (
					"DEBUG=1",
					"$(inherited)",
				);
				GCC_SYMBOLS_PRIVATE_EXTERN = NO;
				GCC_WARN_64_TO_32_BIT_CONVERSION = YES;
				GCC_WARN_ABOUT_RETURN_TYPE = YES_ERROR;
				GCC_WARN_UNDECLARED_SELECTOR = YES;
				GCC_WARN_UNINITIALIZED_AUTOS = YES;
				GCC_WARN_UNUSED_FUNCTION = YES;
				GCC_WARN_UNUSED_VARIABLE = YES;
				MACOSX_DEPLOYMENT_TARGET = 10.8;
				ONLY_ACTIVE_ARCH = YES;
				SDKROOT = macosx;
			};
			name = Debug;
		};
		59E5CF3B17EC2A9000898135 /* Release */ = {
			isa = XCBuildConfiguration;
			buildSettings = {
				ALWAYS_SEARCH_USER_PATHS = NO;
				CLANG_CXX_LANGUAGE_STANDARD = "gnu++0x";
				CLANG_CXX_LIBRARY = "libc++";
				CLANG_ENABLE_OBJC_ARC = YES;
				CLANG_WARN_BOOL_CONVERSION = YES;
				CLANG_WARN_CONSTANT_CONVERSION = YES;
				CLANG_WARN_DIRECT_OBJC_ISA_USAGE = YES_ERROR;
				CLANG_WARN_EMPTY_BODY = YES;
				CLANG_WARN_ENUM_CONVERSION = YES;
				CLANG_WARN_INT_CONVERSION = YES;
				CLANG_WARN_OBJC_ROOT_CLASS = YES_ERROR;
				CLANG_WARN__DUPLICATE_METHOD_MATCH = YES;
				CODE_SIGN_IDENTITY = "Mac Developer: Angelo Failla (22Y3UXV6J8)";
				COPY_PHASE_STRIP = YES;
				DEBUG_INFORMATION_FORMAT = "dwarf-with-dsym";
				ENABLE_NS_ASSERTIONS = NO;
				GCC_C_LANGUAGE_STANDARD = gnu99;
				GCC_ENABLE_OBJC_EXCEPTIONS = YES;
				GCC_WARN_64_TO_32_BIT_CONVERSION = YES;
				GCC_WARN_ABOUT_RETURN_TYPE = YES_ERROR;
				GCC_WARN_UNDECLARED_SELECTOR = YES;
				GCC_WARN_UNINITIALIZED_AUTOS = YES;
				GCC_WARN_UNUSED_FUNCTION = YES;
				GCC_WARN_UNUSED_VARIABLE = YES;
				MACOSX_DEPLOYMENT_TARGET = 10.8;
				SDKROOT = macosx;
			};
			name = Release;
		};
		59E5CF3D17EC2A9000898135 /* Debug */ = {
			isa = XCBuildConfiguration;
			buildSettings = {
				ASSETCATALOG_COMPILER_APPICON_NAME = AppIcon;
				CODE_SIGN_IDENTITY = "Mac Developer: Angelo Failla (22Y3UXV6J8)";
				COMBINE_HIDPI_IMAGES = YES;
				GCC_PRECOMPILE_PREFIX_HEADER = YES;
				GCC_PREFIX_HEADER = "yubiswitch/yubiswitch-Prefix.pch";
				INFOPLIST_FILE = "yubiswitch/yubiswitch-Info.plist";
				LD_RUNPATH_SEARCH_PATHS = "@executable_path/../Frameworks ";
				MACOSX_DEPLOYMENT_TARGET = 10.8;
				ONLY_ACTIVE_ARCH = YES;
				PRODUCT_NAME = "$(TARGET_NAME)";
				WRAPPER_EXTENSION = app;
			};
			name = Debug;
		};
		59E5CF3E17EC2A9000898135 /* Release */ = {
			isa = XCBuildConfiguration;
			buildSettings = {
				ASSETCATALOG_COMPILER_APPICON_NAME = AppIcon;
				CODE_SIGN_IDENTITY = "Mac Developer: Angelo Failla (22Y3UXV6J8)";
				COMBINE_HIDPI_IMAGES = YES;
				GCC_PRECOMPILE_PREFIX_HEADER = YES;
				GCC_PREFIX_HEADER = "yubiswitch/yubiswitch-Prefix.pch";
				INFOPLIST_FILE = "yubiswitch/yubiswitch-Info.plist";
				LD_RUNPATH_SEARCH_PATHS = "@executable_path/../Frameworks ";
				MACOSX_DEPLOYMENT_TARGET = 10.8;
				ONLY_ACTIVE_ARCH = NO;
				PRODUCT_NAME = "$(TARGET_NAME)";
				WRAPPER_EXTENSION = app;
			};
			name = Release;
		};
/* End XCBuildConfiguration section */

/* Begin XCConfigurationList section */
		593AE4611B1371B800FCA848 /* Build configuration list for PBXNativeTarget "com.pallotron.yubiswitch.helper" */ = {
			isa = XCConfigurationList;
			buildConfigurations = (
				593AE4621B1371B800FCA848 /* Debug */,
				593AE4631B1371B800FCA848 /* Release */,
			);
			defaultConfigurationIsVisible = 0;
			defaultConfigurationName = Release;
		};
		59E5CF0617EC2A9000898135 /* Build configuration list for PBXProject "yubiswitch" */ = {
			isa = XCConfigurationList;
			buildConfigurations = (
				59E5CF3A17EC2A9000898135 /* Debug */,
				59E5CF3B17EC2A9000898135 /* Release */,
			);
			defaultConfigurationIsVisible = 0;
			defaultConfigurationName = Release;
		};
		59E5CF3C17EC2A9000898135 /* Build configuration list for PBXNativeTarget "yubiswitch" */ = {
			isa = XCConfigurationList;
			buildConfigurations = (
				59E5CF3D17EC2A9000898135 /* Debug */,
				59E5CF3E17EC2A9000898135 /* Release */,
			);
			defaultConfigurationIsVisible = 0;
			defaultConfigurationName = Release;
		};
/* End XCConfigurationList section */
	};
	rootObject = 59E5CF0317EC2A9000898135 /* Project object */;
}
